// !$*UTF8*$!
{
	archiveVersion = 1;
	classes = {
	};
	objectVersion = 55;
	objects = {

/* Begin PBXBuildFile section */
		67B6EAA32761111E00AFEDA0 /* AppDelegate.swift in Sources */ = {isa = PBXBuildFile; fileRef = 67B6EAA22761111E00AFEDA0 /* AppDelegate.swift */; };
		67B6EAA52761111E00AFEDA0 /* SceneDelegate.swift in Sources */ = {isa = PBXBuildFile; fileRef = 67B6EAA42761111E00AFEDA0 /* SceneDelegate.swift */; };
		67B6EAA72761111E00AFEDA0 /* ViewController.swift in Sources */ = {isa = PBXBuildFile; fileRef = 67B6EAA62761111E00AFEDA0 /* ViewController.swift */; };
		67B6EAAC2761111F00AFEDA0 /* Assets.xcassets in Resources */ = {isa = PBXBuildFile; fileRef = 67B6EAAB2761111F00AFEDA0 /* Assets.xcassets */; };
		67B6EAAF2761111F00AFEDA0 /* LaunchScreen.storyboard in Resources */ = {isa = PBXBuildFile; fileRef = 67B6EAAD2761111F00AFEDA0 /* LaunchScreen.storyboard */; };
		67B6EABA2761111F00AFEDA0 /* TestAppLessonTests.swift in Sources */ = {isa = PBXBuildFile; fileRef = 67B6EAB92761111F00AFEDA0 /* TestAppLessonTests.swift */; };
		67B6EAD5276111E100AFEDA0 /* Result.storyboard in Resources */ = {isa = PBXBuildFile; fileRef = 67B6EAD2276111E100AFEDA0 /* Result.storyboard */; };
		67B6EAD6276111E100AFEDA0 /* ResultPresenter.swift in Sources */ = {isa = PBXBuildFile; fileRef = 67B6EAD3276111E100AFEDA0 /* ResultPresenter.swift */; };
		67B6EAD7276111E100AFEDA0 /* ResultViewController.swift in Sources */ = {isa = PBXBuildFile; fileRef = 67B6EAD4276111E100AFEDA0 /* ResultViewController.swift */; };
		67B6EADC27611A3300AFEDA0 /* ResultService.swift in Sources */ = {isa = PBXBuildFile; fileRef = 67B6EADB27611A3300AFEDA0 /* ResultService.swift */; };
		67B6EAE227611E7400AFEDA0 /* TestService.swift in Sources */ = {isa = PBXBuildFile; fileRef = 67B6EAE027611E7400AFEDA0 /* TestService.swift */; };
		67B6EAE327611EC000AFEDA0 /* ResultPresenterTest.swift in Sources */ = {isa = PBXBuildFile; fileRef = 67B6EADD27611E5000AFEDA0 /* ResultPresenterTest.swift */; };
		67B6EAE527615D4400AFEDA0 /* ResultViewMock.swift in Sources */ = {isa = PBXBuildFile; fileRef = 67B6EAE427615D4400AFEDA0 /* ResultViewMock.swift */; };
/* End PBXBuildFile section */

/* Begin PBXContainerItemProxy section */
		67B6EAB62761111F00AFEDA0 /* PBXContainerItemProxy */ = {
			isa = PBXContainerItemProxy;
			containerPortal = 67B6EA972761111E00AFEDA0 /* Project object */;
			proxyType = 1;
			remoteGlobalIDString = 67B6EA9E2761111E00AFEDA0;
			remoteInfo = TestAppLesson;
		};
		67B6EAC02761111F00AFEDA0 /* PBXContainerItemProxy */ = {
			isa = PBXContainerItemProxy;
			containerPortal = 67B6EA972761111E00AFEDA0 /* Project object */;
			proxyType = 1;
			remoteGlobalIDString = 67B6EA9E2761111E00AFEDA0;
			remoteInfo = TestAppLesson;
		};
/* End PBXContainerItemProxy section */

/* Begin PBXFileReference section */
		67B6EA9F2761111E00AFEDA0 /* TestAppLesson.app */ = {isa = PBXFileReference; explicitFileType = wrapper.application; includeInIndex = 0; path = TestAppLesson.app; sourceTree = BUILT_PRODUCTS_DIR; };
		67B6EAA22761111E00AFEDA0 /* AppDelegate.swift */ = {isa = PBXFileReference; lastKnownFileType = sourcecode.swift; path = AppDelegate.swift; sourceTree = "<group>"; };
		67B6EAA42761111E00AFEDA0 /* SceneDelegate.swift */ = {isa = PBXFileReference; lastKnownFileType = sourcecode.swift; path = SceneDelegate.swift; sourceTree = "<group>"; };
		67B6EAA62761111E00AFEDA0 /* ViewController.swift */ = {isa = PBXFileReference; lastKnownFileType = sourcecode.swift; path = ViewController.swift; sourceTree = "<group>"; };
		67B6EAAB2761111F00AFEDA0 /* Assets.xcassets */ = {isa = PBXFileReference; lastKnownFileType = folder.assetcatalog; path = Assets.xcassets; sourceTree = "<group>"; };
		67B6EAAE2761111F00AFEDA0 /* Base */ = {isa = PBXFileReference; lastKnownFileType = file.storyboard; name = Base; path = Base.lproj/LaunchScreen.storyboard; sourceTree = "<group>"; };
		67B6EAB02761111F00AFEDA0 /* Info.plist */ = {isa = PBXFileReference; lastKnownFileType = text.plist.xml; path = Info.plist; sourceTree = "<group>"; };
		67B6EAB52761111F00AFEDA0 /* TestAppLessonTests.xctest */ = {isa = PBXFileReference; explicitFileType = wrapper.cfbundle; includeInIndex = 0; path = TestAppLessonTests.xctest; sourceTree = BUILT_PRODUCTS_DIR; };
		67B6EAB92761111F00AFEDA0 /* TestAppLessonTests.swift */ = {isa = PBXFileReference; lastKnownFileType = sourcecode.swift; path = TestAppLessonTests.swift; sourceTree = "<group>"; };
		67B6EABF2761111F00AFEDA0 /* TestAppLessonUITests.xctest */ = {isa = PBXFileReference; explicitFileType = wrapper.cfbundle; includeInIndex = 0; path = TestAppLessonUITests.xctest; sourceTree = BUILT_PRODUCTS_DIR; };
		67B6EAD2276111E100AFEDA0 /* Result.storyboard */ = {isa = PBXFileReference; lastKnownFileType = file.storyboard; path = Result.storyboard; sourceTree = "<group>"; };
		67B6EAD3276111E100AFEDA0 /* ResultPresenter.swift */ = {isa = PBXFileReference; lastKnownFileType = sourcecode.swift; path = ResultPresenter.swift; sourceTree = "<group>"; };
		67B6EAD4276111E100AFEDA0 /* ResultViewController.swift */ = {isa = PBXFileReference; lastKnownFileType = sourcecode.swift; path = ResultViewController.swift; sourceTree = "<group>"; };
		67B6EADB27611A3300AFEDA0 /* ResultService.swift */ = {isa = PBXFileReference; lastKnownFileType = sourcecode.swift; path = ResultService.swift; sourceTree = "<group>"; };
		67B6EADD27611E5000AFEDA0 /* ResultPresenterTest.swift */ = {isa = PBXFileReference; lastKnownFileType = sourcecode.swift; path = ResultPresenterTest.swift; sourceTree = "<group>"; };
		67B6EAE027611E7400AFEDA0 /* TestService.swift */ = {isa = PBXFileReference; lastKnownFileType = sourcecode.swift; path = TestService.swift; sourceTree = "<group>"; };
		67B6EAE427615D4400AFEDA0 /* ResultViewMock.swift */ = {isa = PBXFileReference; lastKnownFileType = sourcecode.swift; path = ResultViewMock.swift; sourceTree = "<group>"; };
/* End PBXFileReference section */

/* Begin PBXFrameworksBuildPhase section */
		67B6EA9C2761111E00AFEDA0 /* Frameworks */ = {
			isa = PBXFrameworksBuildPhase;
			buildActionMask = 2147483647;
			files = (
			);
			runOnlyForDeploymentPostprocessing = 0;
		};
		67B6EAB22761111F00AFEDA0 /* Frameworks */ = {
			isa = PBXFrameworksBuildPhase;
			buildActionMask = 2147483647;
			files = (
			);
			runOnlyForDeploymentPostprocessing = 0;
		};
		67B6EABC2761111F00AFEDA0 /* Frameworks */ = {
			isa = PBXFrameworksBuildPhase;
			buildActionMask = 2147483647;
			files = (
			);
			runOnlyForDeploymentPostprocessing = 0;
		};
/* End PBXFrameworksBuildPhase section */

/* Begin PBXGroup section */
		67B6EA962761111E00AFEDA0 = {
			isa = PBXGroup;
			children = (
				67B6EAA12761111E00AFEDA0 /* TestAppLesson */,
				67B6EAB82761111F00AFEDA0 /* TestAppLessonTests */,
				67B6EAA02761111E00AFEDA0 /* Products */,
			);
			sourceTree = "<group>";
		};
		67B6EAA02761111E00AFEDA0 /* Products */ = {
			isa = PBXGroup;
			children = (
				67B6EA9F2761111E00AFEDA0 /* TestAppLesson.app */,
				67B6EAB52761111F00AFEDA0 /* TestAppLessonTests.xctest */,
				67B6EABF2761111F00AFEDA0 /* TestAppLessonUITests.xctest */,
			);
			name = Products;
			sourceTree = "<group>";
		};
		67B6EAA12761111E00AFEDA0 /* TestAppLesson */ = {
			isa = PBXGroup;
			children = (
				67B6EAA22761111E00AFEDA0 /* AppDelegate.swift */,
				67B6EAA42761111E00AFEDA0 /* SceneDelegate.swift */,
				67B6EAA62761111E00AFEDA0 /* ViewController.swift */,
				67B6EAD8276111E500AFEDA0 /* Result */,
				67B6EAAB2761111F00AFEDA0 /* Assets.xcassets */,
				67B6EAAD2761111F00AFEDA0 /* LaunchScreen.storyboard */,
				67B6EAB02761111F00AFEDA0 /* Info.plist */,
			);
			path = TestAppLesson;
			sourceTree = "<group>";
		};
		67B6EAB82761111F00AFEDA0 /* TestAppLessonTests */ = {
			isa = PBXGroup;
			children = (
				67B6EAB92761111F00AFEDA0 /* TestAppLessonTests.swift */,
				67B6EAE027611E7400AFEDA0 /* TestService.swift */,
				67B6EADD27611E5000AFEDA0 /* ResultPresenterTest.swift */,
				67B6EAE427615D4400AFEDA0 /* ResultViewMock.swift */,
			);
			path = TestAppLessonTests;
			sourceTree = "<group>";
		};
		67B6EAD8276111E500AFEDA0 /* Result */ = {
			isa = PBXGroup;
			children = (
				67B6EAD2276111E100AFEDA0 /* Result.storyboard */,
				67B6EAD4276111E100AFEDA0 /* ResultViewController.swift */,
				67B6EAD3276111E100AFEDA0 /* ResultPresenter.swift */,
				67B6EADB27611A3300AFEDA0 /* ResultService.swift */,
			);
			path = Result;
			sourceTree = "<group>";
		};
/* End PBXGroup section */

/* Begin PBXNativeTarget section */
		67B6EA9E2761111E00AFEDA0 /* TestAppLesson */ = {
			isa = PBXNativeTarget;
			buildConfigurationList = 67B6EAC92761111F00AFEDA0 /* Build configuration list for PBXNativeTarget "TestAppLesson" */;
			buildPhases = (
				67B6EA9B2761111E00AFEDA0 /* Sources */,
				67B6EA9C2761111E00AFEDA0 /* Frameworks */,
				67B6EA9D2761111E00AFEDA0 /* Resources */,
			);
			buildRules = (
			);
			dependencies = (
			);
			name = TestAppLesson;
			productName = TestAppLesson;
			productReference = 67B6EA9F2761111E00AFEDA0 /* TestAppLesson.app */;
			productType = "com.apple.product-type.application";
		};
		67B6EAB42761111F00AFEDA0 /* TestAppLessonTests */ = {
			isa = PBXNativeTarget;
			buildConfigurationList = 67B6EACC2761111F00AFEDA0 /* Build configuration list for PBXNativeTarget "TestAppLessonTests" */;
			buildPhases = (
				67B6EAB12761111F00AFEDA0 /* Sources */,
				67B6EAB22761111F00AFEDA0 /* Frameworks */,
				67B6EAB32761111F00AFEDA0 /* Resources */,
			);
			buildRules = (
			);
			dependencies = (
				67B6EAB72761111F00AFEDA0 /* PBXTargetDependency */,
			);
			name = TestAppLessonTests;
			productName = TestAppLessonTests;
			productReference = 67B6EAB52761111F00AFEDA0 /* TestAppLessonTests.xctest */;
			productType = "com.apple.product-type.bundle.unit-test";
		};
		67B6EABE2761111F00AFEDA0 /* TestAppLessonUITests */ = {
			isa = PBXNativeTarget;
			buildConfigurationList = 67B6EACF2761111F00AFEDA0 /* Build configuration list for PBXNativeTarget "TestAppLessonUITests" */;
			buildPhases = (
				67B6EABB2761111F00AFEDA0 /* Sources */,
				67B6EABC2761111F00AFEDA0 /* Frameworks */,
				67B6EABD2761111F00AFEDA0 /* Resources */,
			);
			buildRules = (
			);
			dependencies = (
				67B6EAC12761111F00AFEDA0 /* PBXTargetDependency */,
			);
			name = TestAppLessonUITests;
			productName = TestAppLessonUITests;
			productReference = 67B6EABF2761111F00AFEDA0 /* TestAppLessonUITests.xctest */;
			productType = "com.apple.product-type.bundle.ui-testing";
		};
/* End PBXNativeTarget section */

/* Begin PBXProject section */
		67B6EA972761111E00AFEDA0 /* Project object */ = {
			isa = PBXProject;
			attributes = {
				BuildIndependentTargetsInParallel = 1;
				LastSwiftUpdateCheck = 1310;
				LastUpgradeCheck = 1310;
				TargetAttributes = {
					67B6EA9E2761111E00AFEDA0 = {
						CreatedOnToolsVersion = 13.1;
					};
					67B6EAB42761111F00AFEDA0 = {
						CreatedOnToolsVersion = 13.1;
						TestTargetID = 67B6EA9E2761111E00AFEDA0;
					};
					67B6EABE2761111F00AFEDA0 = {
						CreatedOnToolsVersion = 13.1;
						TestTargetID = 67B6EA9E2761111E00AFEDA0;
					};
				};
			};
			buildConfigurationList = 67B6EA9A2761111E00AFEDA0 /* Build configuration list for PBXProject "TestAppLesson" */;
			compatibilityVersion = "Xcode 13.0";
			developmentRegion = en;
			hasScannedForEncodings = 0;
			knownRegions = (
				en,
				Base,
			);
			mainGroup = 67B6EA962761111E00AFEDA0;
			productRefGroup = 67B6EAA02761111E00AFEDA0 /* Products */;
			projectDirPath = "";
			projectRoot = "";
			targets = (
				67B6EA9E2761111E00AFEDA0 /* TestAppLesson */,
				67B6EAB42761111F00AFEDA0 /* TestAppLessonTests */,
				67B6EABE2761111F00AFEDA0 /* TestAppLessonUITests */,
			);
		};
/* End PBXProject section */

/* Begin PBXResourcesBuildPhase section */
		67B6EA9D2761111E00AFEDA0 /* Resources */ = {
			isa = PBXResourcesBuildPhase;
			buildActionMask = 2147483647;
			files = (
				67B6EAAF2761111F00AFEDA0 /* LaunchScreen.storyboard in Resources */,
				67B6EAAC2761111F00AFEDA0 /* Assets.xcassets in Resources */,
				67B6EAD5276111E100AFEDA0 /* Result.storyboard in Resources */,
			);
			runOnlyForDeploymentPostprocessing = 0;
		};
		67B6EAB32761111F00AFEDA0 /* Resources */ = {
			isa = PBXResourcesBuildPhase;
			buildActionMask = 2147483647;
			files = (
			);
			runOnlyForDeploymentPostprocessing = 0;
		};
		67B6EABD2761111F00AFEDA0 /* Resources */ = {
			isa = PBXResourcesBuildPhase;
			buildActionMask = 2147483647;
			files = (
			);
			runOnlyForDeploymentPostprocessing = 0;
		};
/* End PBXResourcesBuildPhase section */

/* Begin PBXSourcesBuildPhase section */
		67B6EA9B2761111E00AFEDA0 /* Sources */ = {
			isa = PBXSourcesBuildPhase;
			buildActionMask = 2147483647;
			files = (
				67B6EADC27611A3300AFEDA0 /* ResultService.swift in Sources */,
				67B6EAD7276111E100AFEDA0 /* ResultViewController.swift in Sources */,
				67B6EAA72761111E00AFEDA0 /* ViewController.swift in Sources */,
				67B6EAA32761111E00AFEDA0 /* AppDelegate.swift in Sources */,
				67B6EAA52761111E00AFEDA0 /* SceneDelegate.swift in Sources */,
				67B6EAD6276111E100AFEDA0 /* ResultPresenter.swift in Sources */,
			);
			runOnlyForDeploymentPostprocessing = 0;
		};
		67B6EAB12761111F00AFEDA0 /* Sources */ = {
			isa = PBXSourcesBuildPhase;
			buildActionMask = 2147483647;
			files = (
				67B6EAE327611EC000AFEDA0 /* ResultPresenterTest.swift in Sources */,
				67B6EABA2761111F00AFEDA0 /* TestAppLessonTests.swift in Sources */,
				67B6EAE227611E7400AFEDA0 /* TestService.swift in Sources */,
				67B6EAE527615D4400AFEDA0 /* ResultViewMock.swift in Sources */,
			);
			runOnlyForDeploymentPostprocessing = 0;
		};
		67B6EABB2761111F00AFEDA0 /* Sources */ = {
			isa = PBXSourcesBuildPhase;
			buildActionMask = 2147483647;
			files = (
			);
			runOnlyForDeploymentPostprocessing = 0;
		};
/* End PBXSourcesBuildPhase section */

/* Begin PBXTargetDependency section */
		67B6EAB72761111F00AFEDA0 /* PBXTargetDependency */ = {
			isa = PBXTargetDependency;
			target = 67B6EA9E2761111E00AFEDA0 /* TestAppLesson */;
			targetProxy = 67B6EAB62761111F00AFEDA0 /* PBXContainerItemProxy */;
		};
		67B6EAC12761111F00AFEDA0 /* PBXTargetDependency */ = {
			isa = PBXTargetDependency;
			target = 67B6EA9E2761111E00AFEDA0 /* TestAppLesson */;
			targetProxy = 67B6EAC02761111F00AFEDA0 /* PBXContainerItemProxy */;
		};
/* End PBXTargetDependency section */

/* Begin PBXVariantGroup section */
		67B6EAAD2761111F00AFEDA0 /* LaunchScreen.storyboard */ = {
			isa = PBXVariantGroup;
			children = (
				67B6EAAE2761111F00AFEDA0 /* Base */,
			);
			name = LaunchScreen.storyboard;
			sourceTree = "<group>";
		};
/* End PBXVariantGroup section */

/* Begin XCBuildConfiguration section */
		67B6EAC72761111F00AFEDA0 /* Debug */ = {
			isa = XCBuildConfiguration;
			buildSettings = {
				ALWAYS_SEARCH_USER_PATHS = NO;
				CLANG_ANALYZER_NONNULL = YES;
				CLANG_ANALYZER_NUMBER_OBJECT_CONVERSION = YES_AGGRESSIVE;
				CLANG_CXX_LANGUAGE_STANDARD = "gnu++17";
				CLANG_CXX_LIBRARY = "libc++";
				CLANG_ENABLE_MODULES = YES;
				CLANG_ENABLE_OBJC_ARC = YES;
				CLANG_ENABLE_OBJC_WEAK = YES;
				CLANG_WARN_BLOCK_CAPTURE_AUTORELEASING = YES;
				CLANG_WARN_BOOL_CONVERSION = YES;
				CLANG_WARN_COMMA = YES;
				CLANG_WARN_CONSTANT_CONVERSION = YES;
				CLANG_WARN_DEPRECATED_OBJC_IMPLEMENTATIONS = YES;
				CLANG_WARN_DIRECT_OBJC_ISA_USAGE = YES_ERROR;
				CLANG_WARN_DOCUMENTATION_COMMENTS = YES;
				CLANG_WARN_EMPTY_BODY = YES;
				CLANG_WARN_ENUM_CONVERSION = YES;
				CLANG_WARN_INFINITE_RECURSION = YES;
				CLANG_WARN_INT_CONVERSION = YES;
				CLANG_WARN_NON_LITERAL_NULL_CONVERSION = YES;
				CLANG_WARN_OBJC_IMPLICIT_RETAIN_SELF = YES;
				CLANG_WARN_OBJC_LITERAL_CONVERSION = YES;
				CLANG_WARN_OBJC_ROOT_CLASS = YES_ERROR;
				CLANG_WARN_QUOTED_INCLUDE_IN_FRAMEWORK_HEADER = YES;
				CLANG_WARN_RANGE_LOOP_ANALYSIS = YES;
				CLANG_WARN_STRICT_PROTOTYPES = YES;
				CLANG_WARN_SUSPICIOUS_MOVE = YES;
				CLANG_WARN_UNGUARDED_AVAILABILITY = YES_AGGRESSIVE;
				CLANG_WARN_UNREACHABLE_CODE = YES;
				CLANG_WARN__DUPLICATE_METHOD_MATCH = YES;
				COPY_PHASE_STRIP = NO;
				DEBUG_INFORMATION_FORMAT = dwarf;
				ENABLE_STRICT_OBJC_MSGSEND = YES;
				ENABLE_TESTABILITY = YES;
				GCC_C_LANGUAGE_STANDARD = gnu11;
				GCC_DYNAMIC_NO_PIC = NO;
				GCC_NO_COMMON_BLOCKS = YES;
				GCC_OPTIMIZATION_LEVEL = 0;
				GCC_PREPROCESSOR_DEFINITIONS = (
					"DEBUG=1",
					"$(inherited)",
				);
				GCC_WARN_64_TO_32_BIT_CONVERSION = YES;
				GCC_WARN_ABOUT_RETURN_TYPE = YES_ERROR;
				GCC_WARN_UNDECLARED_SELECTOR = YES;
				GCC_WARN_UNINITIALIZED_AUTOS = YES_AGGRESSIVE;
				GCC_WARN_UNUSED_FUNCTION = YES;
				GCC_WARN_UNUSED_VARIABLE = YES;
				IPHONEOS_DEPLOYMENT_TARGET = 15.0;
				MTL_ENABLE_DEBUG_INFO = INCLUDE_SOURCE;
				MTL_FAST_MATH = YES;
				ONLY_ACTIVE_ARCH = YES;
				SDKROOT = iphoneos;
				SWIFT_ACTIVE_COMPILATION_CONDITIONS = DEBUG;
				SWIFT_OPTIMIZATION_LEVEL = "-Onone";
			};
			name = Debug;
		};
		67B6EAC82761111F00AFEDA0 /* Release */ = {
			isa = XCBuildConfiguration;
			buildSettings = {
				ALWAYS_SEARCH_USER_PATHS = NO;
				CLANG_ANALYZER_NONNULL = YES;
				CLANG_ANALYZER_NUMBER_OBJECT_CONVERSION = YES_AGGRESSIVE;
				CLANG_CXX_LANGUAGE_STANDARD = "gnu++17";
				CLANG_CXX_LIBRARY = "libc++";
				CLANG_ENABLE_MODULES = YES;
				CLANG_ENABLE_OBJC_ARC = YES;
				CLANG_ENABLE_OBJC_WEAK = YES;
				CLANG_WARN_BLOCK_CAPTURE_AUTORELEASING = YES;
				CLANG_WARN_BOOL_CONVERSION = YES;
				CLANG_WARN_COMMA = YES;
				CLANG_WARN_CONSTANT_CONVERSION = YES;
				CLANG_WARN_DEPRECATED_OBJC_IMPLEMENTATIONS = YES;
				CLANG_WARN_DIRECT_OBJC_ISA_USAGE = YES_ERROR;
				CLANG_WARN_DOCUMENTATION_COMMENTS = YES;
				CLANG_WARN_EMPTY_BODY = YES;
				CLANG_WARN_ENUM_CONVERSION = YES;
				CLANG_WARN_INFINITE_RECURSION = YES;
				CLANG_WARN_INT_CONVERSION = YES;
				CLANG_WARN_NON_LITERAL_NULL_CONVERSION = YES;
				CLANG_WARN_OBJC_IMPLICIT_RETAIN_SELF = YES;
				CLANG_WARN_OBJC_LITERAL_CONVERSION = YES;
				CLANG_WARN_OBJC_ROOT_CLASS = YES_ERROR;
				CLANG_WARN_QUOTED_INCLUDE_IN_FRAMEWORK_HEADER = YES;
				CLANG_WARN_RANGE_LOOP_ANALYSIS = YES;
				CLANG_WARN_STRICT_PROTOTYPES = YES;
				CLANG_WARN_SUSPICIOUS_MOVE = YES;
				CLANG_WARN_UNGUARDED_AVAILABILITY = YES_AGGRESSIVE;
				CLANG_WARN_UNREACHABLE_CODE = YES;
				CLANG_WARN__DUPLICATE_METHOD_MATCH = YES;
				COPY_PHASE_STRIP = NO;
				DEBUG_INFORMATION_FORMAT = "dwarf-with-dsym";
				ENABLE_NS_ASSERTIONS = NO;
				ENABLE_STRICT_OBJC_MSGSEND = YES;
				GCC_C_LANGUAGE_STANDARD = gnu11;
				GCC_NO_COMMON_BLOCKS = YES;
				GCC_WARN_64_TO_32_BIT_CONVERSION = YES;
				GCC_WARN_ABOUT_RETURN_TYPE = YES_ERROR;
				GCC_WARN_UNDECLARED_SELECTOR = YES;
				GCC_WARN_UNINITIALIZED_AUTOS = YES_AGGRESSIVE;
				GCC_WARN_UNUSED_FUNCTION = YES;
				GCC_WARN_UNUSED_VARIABLE = YES;
				IPHONEOS_DEPLOYMENT_TARGET = 15.0;
				MTL_ENABLE_DEBUG_INFO = NO;
				MTL_FAST_MATH = YES;
				SDKROOT = iphoneos;
				SWIFT_COMPILATION_MODE = wholemodule;
				SWIFT_OPTIMIZATION_LEVEL = "-O";
				VALIDATE_PRODUCT = YES;
			};
			name = Release;
		};
		67B6EACA2761111F00AFEDA0 /* Debug */ = {
			isa = XCBuildConfiguration;
			buildSettings = {
				ASSETCATALOG_COMPILER_APPICON_NAME = AppIcon;
				ASSETCATALOG_COMPILER_GLOBAL_ACCENT_COLOR_NAME = AccentColor;
				CODE_SIGN_STYLE = Automatic;
				CURRENT_PROJECT_VERSION = 1;
				GENERATE_INFOPLIST_FILE = YES;
				INFOPLIST_FILE = TestAppLesson/Info.plist;
				INFOPLIST_KEY_UIApplicationSupportsIndirectInputEvents = YES;
				INFOPLIST_KEY_UILaunchStoryboardName = LaunchScreen;
				INFOPLIST_KEY_UIMainStoryboardFile = Result;
				INFOPLIST_KEY_UISupportedInterfaceOrientations_iPad = "UIInterfaceOrientationPortrait UIInterfaceOrientationPortraitUpsideDown UIInterfaceOrientationLandscapeLeft UIInterfaceOrientationLandscapeRight";
				INFOPLIST_KEY_UISupportedInterfaceOrientations_iPhone = "UIInterfaceOrientationPortrait UIInterfaceOrientationLandscapeLeft UIInterfaceOrientationLandscapeRight";
				LD_RUNPATH_SEARCH_PATHS = (
					"$(inherited)",
					"@executable_path/Frameworks",
				);
				MARKETING_VERSION = 1.0;
				PRODUCT_BUNDLE_IDENTIFIER = com.example.TestAppLesson;
				PRODUCT_NAME = "$(TARGET_NAME)";
				SWIFT_EMIT_LOC_STRINGS = YES;
				SWIFT_VERSION = 5.0;
				TARGETED_DEVICE_FAMILY = "1,2";
			};
			name = Debug;
		};
		67B6EACB2761111F00AFEDA0 /* Release */ = {
			isa = XCBuildConfiguration;
			buildSettings = {
				ASSETCATALOG_COMPILER_APPICON_NAME = AppIcon;
				ASSETCATALOG_COMPILER_GLOBAL_ACCENT_COLOR_NAME = AccentColor;
				CODE_SIGN_STYLE = Automatic;
				CURRENT_PROJECT_VERSION = 1;
				GENERATE_INFOPLIST_FILE = YES;
				INFOPLIST_FILE = TestAppLesson/Info.plist;
				INFOPLIST_KEY_UIApplicationSupportsIndirectInputEvents = YES;
				INFOPLIST_KEY_UILaunchStoryboardName = LaunchScreen;
				INFOPLIST_KEY_UIMainStoryboardFile = Result;
				INFOPLIST_KEY_UISupportedInterfaceOrientations_iPad = "UIInterfaceOrientationPortrait UIInterfaceOrientationPortraitUpsideDown UIInterfaceOrientationLandscapeLeft UIInterfaceOrientationLandscapeRight";
				INFOPLIST_KEY_UISupportedInterfaceOrientations_iPhone = "UIInterfaceOrientationPortrait UIInterfaceOrientationLandscapeLeft UIInterfaceOrientationLandscapeRight";
				LD_RUNPATH_SEARCH_PATHS = (
					"$(inherited)",
					"@executable_path/Frameworks",
				);
				MARKETING_VERSION = 1.0;
				PRODUCT_BUNDLE_IDENTIFIER = com.example.TestAppLesson;
				PRODUCT_NAME = "$(TARGET_NAME)";
				SWIFT_EMIT_LOC_STRINGS = YES;
				SWIFT_VERSION = 5.0;
				TARGETED_DEVICE_FAMILY = "1,2";
			};
			name = Release;
		};
		67B6EACD2761111F00AFEDA0 /* Debug */ = {
			isa = XCBuildConfiguration;
			buildSettings = {
				ALWAYS_EMBED_SWIFT_STANDARD_LIBRARIES = YES;
				BUNDLE_LOADER = "$(TEST_HOST)";
				CODE_SIGN_STYLE = Automatic;
				CURRENT_PROJECT_VERSION = 1;
				GENERATE_INFOPLIST_FILE = YES;
				IPHONEOS_DEPLOYMENT_TARGET = 15.0;
				LD_RUNPATH_SEARCH_PATHS = (
					"$(inherited)",
					"@executable_path/Frameworks",
					"@loader_path/Frameworks",
				);
				MARKETING_VERSION = 1.0;
				PRODUCT_BUNDLE_IDENTIFIER = com.example.TestAppLessonTests;
				PRODUCT_NAME = "$(TARGET_NAME)";
				SWIFT_EMIT_LOC_STRINGS = NO;
				SWIFT_VERSION = 5.0;
				TARGETED_DEVICE_FAMILY = "1,2";
				TEST_HOST = "$(BUILT_PRODUCTS_DIR)/TestAppLesson.app/TestAppLesson";
			};
			name = Debug;
		};
		67B6EACE2761111F00AFEDA0 /* Release */ = {
			isa = XCBuildConfiguration;
			buildSettings = {
				ALWAYS_EMBED_SWIFT_STANDARD_LIBRARIES = YES;
				BUNDLE_LOADER = "$(TEST_HOST)";
				CODE_SIGN_STYLE = Automatic;
				CURRENT_PROJECT_VERSION = 1;
				GENERATE_INFOPLIST_FILE = YES;
				IPHONEOS_DEPLOYMENT_TARGET = 15.0;
				LD_RUNPATH_SEARCH_PATHS = (
					"$(inherited)",
					"@executable_path/Frameworks",
					"@loader_path/Frameworks",
				);
				MARKETING_VERSION = 1.0;
				PRODUCT_BUNDLE_IDENTIFIER = com.example.TestAppLessonTests;
				PRODUCT_NAME = "$(TARGET_NAME)";
				SWIFT_EMIT_LOC_STRINGS = NO;
				SWIFT_VERSION = 5.0;
				TARGETED_DEVICE_FAMILY = "1,2";
				TEST_HOST = "$(BUILT_PRODUCTS_DIR)/TestAppLesson.app/TestAppLesson";
			};
			name = Release;
		};
		67B6EAD02761111F00AFEDA0 /* Debug */ = {
			isa = XCBuildConfiguration;
			buildSettings = {
				ALWAYS_EMBED_SWIFT_STANDARD_LIBRARIES = YES;
				CODE_SIGN_STYLE = Automatic;
				CURRENT_PROJECT_VERSION = 1;
				GENERATE_INFOPLIST_FILE = YES;
				LD_RUNPATH_SEARCH_PATHS = (
					"$(inherited)",
					"@executable_path/Frameworks",
					"@loader_path/Frameworks",
				);
				MARKETING_VERSION = 1.0;
				PRODUCT_BUNDLE_IDENTIFIER = com.example.TestAppLessonUITests;
				PRODUCT_NAME = "$(TARGET_NAME)";
				SWIFT_EMIT_LOC_STRINGS = NO;
				SWIFT_VERSION = 5.0;
				TARGETED_DEVICE_FAMILY = "1,2";
				TEST_TARGET_NAME = TestAppLesson;
			};
			name = Debug;
		};
		67B6EAD12761111F00AFEDA0 /* Release */ = {
			isa = XCBuildConfiguration;
			buildSettings = {
				ALWAYS_EMBED_SWIFT_STANDARD_LIBRARIES = YES;
				CODE_SIGN_STYLE = Automatic;
				CURRENT_PROJECT_VERSION = 1;
				GENERATE_INFOPLIST_FILE = YES;
				LD_RUNPATH_SEARCH_PATHS = (
					"$(inherited)",
					"@executable_path/Frameworks",
					"@loader_path/Frameworks",
				);
				MARKETING_VERSION = 1.0;
				PRODUCT_BUNDLE_IDENTIFIER = com.example.TestAppLessonUITests;
				PRODUCT_NAME = "$(TARGET_NAME)";
				SWIFT_EMIT_LOC_STRINGS = NO;
				SWIFT_VERSION = 5.0;
				TARGETED_DEVICE_FAMILY = "1,2";
				TEST_TARGET_NAME = TestAppLesson;
			};
			name = Release;
		};
/* End XCBuildConfiguration section */

/* Begin XCConfigurationList section */
		67B6EA9A2761111E00AFEDA0 /* Build configuration list for PBXProject "TestAppLesson" */ = {
			isa = XCConfigurationList;
			buildConfigurations = (
				67B6EAC72761111F00AFEDA0 /* Debug */,
				67B6EAC82761111F00AFEDA0 /* Release */,
			);
			defaultConfigurationIsVisible = 0;
			defaultConfigurationName = Release;
		};
		67B6EAC92761111F00AFEDA0 /* Build configuration list for PBXNativeTarget "TestAppLesson" */ = {
			isa = XCConfigurationList;
			buildConfigurations = (
				67B6EACA2761111F00AFEDA0 /* Debug */,
				67B6EACB2761111F00AFEDA0 /* Release */,
			);
			defaultConfigurationIsVisible = 0;
			defaultConfigurationName = Release;
		};
		67B6EACC2761111F00AFEDA0 /* Build configuration list for PBXNativeTarget "TestAppLessonTests" */ = {
			isa = XCConfigurationList;
			buildConfigurations = (
				67B6EACD2761111F00AFEDA0 /* Debug */,
				67B6EACE2761111F00AFEDA0 /* Release */,
			);
			defaultConfigurationIsVisible = 0;
			defaultConfigurationName = Release;
		};
		67B6EACF2761111F00AFEDA0 /* Build configuration list for PBXNativeTarget "TestAppLessonUITests" */ = {
			isa = XCConfigurationList;
			buildConfigurations = (
				67B6EAD02761111F00AFEDA0 /* Debug */,
				67B6EAD12761111F00AFEDA0 /* Release */,
			);
			defaultConfigurationIsVisible = 0;
			defaultConfigurationName = Release;
		};
/* End XCConfigurationList section */
	};
	rootObject = 67B6EA972761111E00AFEDA0 /* Project object */;
}
